
Microsoft Visual Studio Solution File, Format Version 12.00
# Visual Studio Version 16
VisualStudioVersion = 16.0.810.16
MinimumVisualStudioVersion = 10.0.40219.1
Project("{FAE04EC0-301F-11D3-BF4B-00C04F79EFBC}") = "Clase1", "Clase1.csproj", "{E598EDB1-8D12-4552-8870-755CE5AB9064}"
EndProject
Global
	GlobalSection(SolutionConfigurationPlatforms) = preSolution
		Debug|Any CPU = Debug|Any CPU
		Release|Any CPU = Release|Any CPU
	EndGlobalSection
	GlobalSection(ProjectConfigurationPlatforms) = postSolution
		{E598EDB1-8D12-4552-8870-755CE5AB9064}.Debug|Any CPU.ActiveCfg = Debug|Any CPU
		{E598EDB1-8D12-4552-8870-755CE5AB9064}.Debug|Any CPU.Build.0 = Debug|Any CPU
		{E598EDB1-8D12-4552-8870-755CE5AB9064}.Release|Any CPU.ActiveCfg = Release|Any CPU
		{E598EDB1-8D12-4552-8870-755CE5AB9064}.Release|Any CPU.Build.0 = Release|Any CPU
	EndGlobalSection
	GlobalSection(SolutionProperties) = preSolution
		HideSolutionNode = FALSE
	EndGlobalSection
	GlobalSection(ExtensibilityGlobals) = postSolution
		SolutionGuid = {5FF2ECA1-2655-4894-A565-DDF522F904F5}
	EndGlobalSection
EndGlobal
