
Microsoft Visual Studio Solution File, Format Version 12.00
# Visual Studio Version 16
VisualStudioVersion = 16.0.810.16
MinimumVisualStudioVersion = 10.0.40219.1
Project("{9A19103F-16F7-4668-BE54-9A1E7A4F7556}") = "Clase2", "Clase2.csproj", "{4E05DBC4-6180-4DA8-9587-23D836BDC128}"
EndProject
Project("{FAE04EC0-301F-11D3-BF4B-00C04F79EFBC}") = "Test", "..\Test\Test.csproj", "{010EC191-3C2E-47C4-99EF-BEF1877FB203}"
EndProject
Global
	GlobalSection(SolutionConfigurationPlatforms) = preSolution
		Debug|Any CPU = Debug|Any CPU
		Release|Any CPU = Release|Any CPU
	EndGlobalSection
	GlobalSection(ProjectConfigurationPlatforms) = postSolution
		{4E05DBC4-6180-4DA8-9587-23D836BDC128}.Debug|Any CPU.ActiveCfg = Debug|Any CPU
		{4E05DBC4-6180-4DA8-9587-23D836BDC128}.Debug|Any CPU.Build.0 = Debug|Any CPU
		{4E05DBC4-6180-4DA8-9587-23D836BDC128}.Release|Any CPU.ActiveCfg = Release|Any CPU
		{4E05DBC4-6180-4DA8-9587-23D836BDC128}.Release|Any CPU.Build.0 = Release|Any CPU
		{010EC191-3C2E-47C4-99EF-BEF1877FB203}.Debug|Any CPU.ActiveCfg = Debug|Any CPU
		{010EC191-3C2E-47C4-99EF-BEF1877FB203}.Debug|Any CPU.Build.0 = Debug|Any CPU
		{010EC191-3C2E-47C4-99EF-BEF1877FB203}.Release|Any CPU.ActiveCfg = Release|Any CPU
		{010EC191-3C2E-47C4-99EF-BEF1877FB203}.Release|Any CPU.Build.0 = Release|Any CPU
	EndGlobalSection
	GlobalSection(SolutionProperties) = preSolution
		HideSolutionNode = FALSE
	EndGlobalSection
	GlobalSection(ExtensibilityGlobals) = postSolution
		SolutionGuid = {932AA769-F844-464A-A2D8-9FF6058AA22D}
	EndGlobalSection
EndGlobal
